
Microsoft Visual Studio Solution File, Format Version 12.00
# Visual Studio Version 17
VisualStudioVersion = 17.9.34728.123
MinimumVisualStudioVersion = 10.0.40219.1
Project("{FAE04EC0-301F-11D3-BF4B-00C04F79EFBC}") = "EmployeeManagementSystem", "EmployeeManagementSystem\EmployeeManagementSystem.csproj", "{428D8B05-B4FC-448C-A150-08EE8A6B66EF}"
EndProject
Global
	GlobalSection(SolutionConfigurationPlatforms) = preSolution
		Debug|Any CPU = Debug|Any CPU
		Release|Any CPU = Release|Any CPU
	EndGlobalSection
	GlobalSection(ProjectConfigurationPlatforms) = postSolution
		{428D8B05-B4FC-448C-A150-08EE8A6B66EF}.Debug|Any CPU.ActiveCfg = Debug|Any CPU
		{428D8B05-B4FC-448C-A150-08EE8A6B66EF}.Debug|Any CPU.Build.0 = Debug|Any CPU
		{428D8B05-B4FC-448C-A150-08EE8A6B66EF}.Release|Any CPU.ActiveCfg = Release|Any CPU
		{428D8B05-B4FC-448C-A150-08EE8A6B66EF}.Release|Any CPU.Build.0 = Release|Any CPU
	EndGlobalSection
	GlobalSection(SolutionProperties) = preSolution
		HideSolutionNode = FALSE
	EndGlobalSection
	GlobalSection(ExtensibilityGlobals) = postSolution
		SolutionGuid = {E92844F4-714A-4C2F-8027-2BA6D1F1FA9D}
	EndGlobalSection
EndGlobal
